
Microsoft Visual Studio Solution File, Format Version 12.00
# Visual Studio 15
VisualStudioVersion = 15.0.28307.329
MinimumVisualStudioVersion = 10.0.40219.1
Project("{8BC9CEB8-8B4A-11D0-8D11-00A0C91BC942}") = "primerechner", "primerechner\primerechner.vcxproj", "{954B8B55-76AB-49BE-84EB-24665D8C3075}"
EndProject
Global
	GlobalSection(SolutionConfigurationPlatforms) = preSolution
		Debug|x64 = Debug|x64
		Debug|x86 = Debug|x86
		Release|x64 = Release|x64
		Release|x86 = Release|x86
	EndGlobalSection
	GlobalSection(ProjectConfigurationPlatforms) = postSolution
		{954B8B55-76AB-49BE-84EB-24665D8C3075}.Debug|x64.ActiveCfg = Debug|x64
		{954B8B55-76AB-49BE-84EB-24665D8C3075}.Debug|x64.Build.0 = Debug|x64
		{954B8B55-76AB-49BE-84EB-24665D8C3075}.Debug|x86.ActiveCfg = Debug|Win32
		{954B8B55-76AB-49BE-84EB-24665D8C3075}.Debug|x86.Build.0 = Debug|Win32
		{954B8B55-76AB-49BE-84EB-24665D8C3075}.Release|x64.ActiveCfg = Release|x64
		{954B8B55-76AB-49BE-84EB-24665D8C3075}.Release|x64.Build.0 = Release|x64
		{954B8B55-76AB-49BE-84EB-24665D8C3075}.Release|x86.ActiveCfg = Release|Win32
		{954B8B55-76AB-49BE-84EB-24665D8C3075}.Release|x86.Build.0 = Release|Win32
	EndGlobalSection
	GlobalSection(SolutionProperties) = preSolution
		HideSolutionNode = FALSE
	EndGlobalSection
	GlobalSection(ExtensibilityGlobals) = postSolution
		SolutionGuid = {2A09025A-14DB-4A20-97C7-68E482B0EBAC}
	EndGlobalSection
EndGlobal
